
Microsoft Visual Studio Solution File, Format Version 12.00
# Visual Studio Version 17
VisualStudioVersion = 17.0.32014.148
MinimumVisualStudioVersion = 10.0.40219.1
Project("{FAE04EC0-301F-11D3-BF4B-00C04F79EFBC}") = "Admin", "Admin.csproj", "{ECFE8C12-5175-49FB-923C-C06DFFD7F184}"
EndProject
Global
	GlobalSection(SolutionConfigurationPlatforms) = preSolution
		Debug|Any CPU = Debug|Any CPU
		Release|Any CPU = Release|Any CPU
	EndGlobalSection
	GlobalSection(ProjectConfigurationPlatforms) = postSolution
		{ECFE8C12-5175-49FB-923C-C06DFFD7F184}.Debug|Any CPU.ActiveCfg = Debug|Any CPU
		{ECFE8C12-5175-49FB-923C-C06DFFD7F184}.Debug|Any CPU.Build.0 = Debug|Any CPU
		{ECFE8C12-5175-49FB-923C-C06DFFD7F184}.Release|Any CPU.ActiveCfg = Release|Any CPU
		{ECFE8C12-5175-49FB-923C-C06DFFD7F184}.Release|Any CPU.Build.0 = Release|Any CPU
	EndGlobalSection
	GlobalSection(SolutionProperties) = preSolution
		HideSolutionNode = FALSE
	EndGlobalSection
	GlobalSection(ExtensibilityGlobals) = postSolution
		SolutionGuid = {2FA0707D-990E-4F14-AB63-3D8C27FF0326}
	EndGlobalSection
EndGlobal
